
Microsoft Visual Studio Solution File, Format Version 12.00
# Visual Studio Version 17
VisualStudioVersion = 17.8.34309.116
MinimumVisualStudioVersion = 10.0.40219.1
Project("{FAE04EC0-301F-11D3-BF4B-00C04F79EFBC}") = "Test Coges", "Test Coges\Test Coges.csproj", "{9EDF8E5C-EBC4-40B2-888E-01EE6E33A747}"
EndProject
Global
	GlobalSection(SolutionConfigurationPlatforms) = preSolution
		Debug|Any CPU = Debug|Any CPU
		Release|Any CPU = Release|Any CPU
	EndGlobalSection
	GlobalSection(ProjectConfigurationPlatforms) = postSolution
		{9EDF8E5C-EBC4-40B2-888E-01EE6E33A747}.Debug|Any CPU.ActiveCfg = Debug|Any CPU
		{9EDF8E5C-EBC4-40B2-888E-01EE6E33A747}.Debug|Any CPU.Build.0 = Debug|Any CPU
		{9EDF8E5C-EBC4-40B2-888E-01EE6E33A747}.Release|Any CPU.ActiveCfg = Release|Any CPU
		{9EDF8E5C-EBC4-40B2-888E-01EE6E33A747}.Release|Any CPU.Build.0 = Release|Any CPU
	EndGlobalSection
	GlobalSection(SolutionProperties) = preSolution
		HideSolutionNode = FALSE
	EndGlobalSection
	GlobalSection(ExtensibilityGlobals) = postSolution
		SolutionGuid = {1478C43F-CD24-4122-9B82-0E652C1A7768}
	EndGlobalSection
EndGlobal
